
Microsoft Visual Studio Solution File, Format Version 12.00
# Visual Studio Version 17
VisualStudioVersion = 17.0.31903.59
MinimumVisualStudioVersion = 10.0.40219.1
Project("{FAE04EC0-301F-11D3-BF4B-00C04F79EFBC}") = "PasswordManager", "PasswordManager\PasswordManager.csproj", "{52A4B495-4883-4139-A833-BBC48EC14104}"
EndProject
Global
	GlobalSection(SolutionConfigurationPlatforms) = preSolution
		Debug|Any CPU = Debug|Any CPU
		Release|Any CPU = Release|Any CPU
	EndGlobalSection
	GlobalSection(ProjectConfigurationPlatforms) = postSolution
		{52A4B495-4883-4139-A833-BBC48EC14104}.Debug|Any CPU.ActiveCfg = Debug|Any CPU
		{52A4B495-4883-4139-A833-BBC48EC14104}.Debug|Any CPU.Build.0 = Debug|Any CPU
		{52A4B495-4883-4139-A833-BBC48EC14104}.Release|Any CPU.ActiveCfg = Release|Any CPU
		{52A4B495-4883-4139-A833-BBC48EC14104}.Release|Any CPU.Build.0 = Release|Any CPU
	EndGlobalSection
	GlobalSection(SolutionProperties) = preSolution
		HideSolutionNode = FALSE
	EndGlobalSection
	GlobalSection(ExtensibilityGlobals) = postSolution
		SolutionGuid = {F11B1BA5-4873-4699-A690-BEE6CC5C54BD}
	EndGlobalSection
EndGlobal
